
Microsoft Visual Studio Solution File, Format Version 12.00
# Visual Studio Version 17
VisualStudioVersion = 17.3.32708.82
MinimumVisualStudioVersion = 10.0.40219.1
Project("{FAE04EC0-301F-11D3-BF4B-00C04F79EFBC}") = "Mistaken.UnityPrefabs", "Mistaken.UnityPrefabs.csproj", "{072A14A2-5C80-0640-E524-E0A38CA4CBB3}"
EndProject
Project("{FAE04EC0-301F-11D3-BF4B-00C04F79EFBC}") = "EditorAssembly", "EditorAssembly.csproj", "{162606F5-F2EB-EB78-1446-186E9A63DD4D}"
EndProject
Global
	GlobalSection(SolutionConfigurationPlatforms) = preSolution
		Debug|Any CPU = Debug|Any CPU
		Release|Any CPU = Release|Any CPU
	EndGlobalSection
	GlobalSection(ProjectConfigurationPlatforms) = postSolution
		{072A14A2-5C80-0640-E524-E0A38CA4CBB3}.Debug|Any CPU.ActiveCfg = Debug|Any CPU
		{072A14A2-5C80-0640-E524-E0A38CA4CBB3}.Debug|Any CPU.Build.0 = Debug|Any CPU
		{072A14A2-5C80-0640-E524-E0A38CA4CBB3}.Release|Any CPU.ActiveCfg = Release|Any CPU
		{072A14A2-5C80-0640-E524-E0A38CA4CBB3}.Release|Any CPU.Build.0 = Release|Any CPU
		{162606F5-F2EB-EB78-1446-186E9A63DD4D}.Debug|Any CPU.ActiveCfg = Debug|Any CPU
		{162606F5-F2EB-EB78-1446-186E9A63DD4D}.Debug|Any CPU.Build.0 = Debug|Any CPU
		{162606F5-F2EB-EB78-1446-186E9A63DD4D}.Release|Any CPU.ActiveCfg = Release|Any CPU
		{162606F5-F2EB-EB78-1446-186E9A63DD4D}.Release|Any CPU.Build.0 = Release|Any CPU
	EndGlobalSection
	GlobalSection(SolutionProperties) = preSolution
		HideSolutionNode = FALSE
	EndGlobalSection
	GlobalSection(ExtensibilityGlobals) = postSolution
		SolutionGuid = {21298B2E-9333-45CF-A08C-9565785D2BB7}
	EndGlobalSection
EndGlobal
