
Microsoft Visual Studio Solution File, Format Version 12.00
# Visual Studio Version 17
VisualStudioVersion = 17.1.32203.90
MinimumVisualStudioVersion = 10.0.40219.1
Project("{FAE04EC0-301F-11D3-BF4B-00C04F79EFBC}") = "Mistaken.UnityPrefabs", "Mistaken.UnityPrefabs.csproj", "{13ED0085-1379-03BA-89DE-EAEA1E87E918}"
EndProject
Project("{FAE04EC0-301F-11D3-BF4B-00C04F79EFBC}") = "EditorAssembly", "EditorAssembly.csproj", "{18D5C603-8C0B-DF37-5EA3-D6BFBC7857C5}"
EndProject
Global
	GlobalSection(SolutionConfigurationPlatforms) = preSolution
		Debug|Any CPU = Debug|Any CPU
		Release|Any CPU = Release|Any CPU
	EndGlobalSection
	GlobalSection(ProjectConfigurationPlatforms) = postSolution
		{13ED0085-1379-03BA-89DE-EAEA1E87E918}.Debug|Any CPU.ActiveCfg = Debug|Any CPU
		{13ED0085-1379-03BA-89DE-EAEA1E87E918}.Debug|Any CPU.Build.0 = Debug|Any CPU
		{13ED0085-1379-03BA-89DE-EAEA1E87E918}.Release|Any CPU.ActiveCfg = Release|Any CPU
		{13ED0085-1379-03BA-89DE-EAEA1E87E918}.Release|Any CPU.Build.0 = Release|Any CPU
		{18D5C603-8C0B-DF37-5EA3-D6BFBC7857C5}.Debug|Any CPU.ActiveCfg = Debug|Any CPU
		{18D5C603-8C0B-DF37-5EA3-D6BFBC7857C5}.Debug|Any CPU.Build.0 = Debug|Any CPU
		{18D5C603-8C0B-DF37-5EA3-D6BFBC7857C5}.Release|Any CPU.ActiveCfg = Release|Any CPU
		{18D5C603-8C0B-DF37-5EA3-D6BFBC7857C5}.Release|Any CPU.Build.0 = Release|Any CPU
	EndGlobalSection
	GlobalSection(SolutionProperties) = preSolution
		HideSolutionNode = FALSE
	EndGlobalSection
	GlobalSection(ExtensibilityGlobals) = postSolution
		SolutionGuid = {5A16113B-8547-48D1-B102-E9A97277FB50}
	EndGlobalSection
EndGlobal
